
Microsoft Visual Studio Solution File, Format Version 12.00
# Visual Studio Version 17
VisualStudioVersion = 17.10.35122.118
MinimumVisualStudioVersion = 10.0.40219.1
Project("{9A19103F-16F7-4668-BE54-9A1E7A4F7556}") = "Basic", "Basic\Basic.csproj", "{1D32E73D-9738-4C81-98C1-A7D0E3EA4AF7}"
EndProject
Project("{9A19103F-16F7-4668-BE54-9A1E7A4F7556}") = "Conditional Statements", "Conditional Statements\Conditional Statements.csproj", "{3E1AF834-CA16-4733-B87F-F6148185A067}"
EndProject
Project("{9A19103F-16F7-4668-BE54-9A1E7A4F7556}") = "Loops", "Loops\Loops.csproj", "{AEF15690-F0D8-44F3-B5BF-0CFB54E28C7E}"
EndProject
Project("{FAE04EC0-301F-11D3-BF4B-00C04F79EFBC}") = "Strings", "Strings\Strings.csproj", "{F64EE39E-8CDC-422E-BBB3-33B90AAF7958}"
EndProject
Global
	GlobalSection(SolutionConfigurationPlatforms) = preSolution
		Debug|Any CPU = Debug|Any CPU
		Release|Any CPU = Release|Any CPU
	EndGlobalSection
	GlobalSection(ProjectConfigurationPlatforms) = postSolution
		{1D32E73D-9738-4C81-98C1-A7D0E3EA4AF7}.Debug|Any CPU.ActiveCfg = Debug|Any CPU
		{1D32E73D-9738-4C81-98C1-A7D0E3EA4AF7}.Debug|Any CPU.Build.0 = Debug|Any CPU
		{1D32E73D-9738-4C81-98C1-A7D0E3EA4AF7}.Release|Any CPU.ActiveCfg = Release|Any CPU
		{1D32E73D-9738-4C81-98C1-A7D0E3EA4AF7}.Release|Any CPU.Build.0 = Release|Any CPU
		{3E1AF834-CA16-4733-B87F-F6148185A067}.Debug|Any CPU.ActiveCfg = Debug|Any CPU
		{3E1AF834-CA16-4733-B87F-F6148185A067}.Debug|Any CPU.Build.0 = Debug|Any CPU
		{3E1AF834-CA16-4733-B87F-F6148185A067}.Release|Any CPU.ActiveCfg = Release|Any CPU
		{3E1AF834-CA16-4733-B87F-F6148185A067}.Release|Any CPU.Build.0 = Release|Any CPU
		{AEF15690-F0D8-44F3-B5BF-0CFB54E28C7E}.Debug|Any CPU.ActiveCfg = Debug|Any CPU
		{AEF15690-F0D8-44F3-B5BF-0CFB54E28C7E}.Debug|Any CPU.Build.0 = Debug|Any CPU
		{AEF15690-F0D8-44F3-B5BF-0CFB54E28C7E}.Release|Any CPU.ActiveCfg = Release|Any CPU
		{AEF15690-F0D8-44F3-B5BF-0CFB54E28C7E}.Release|Any CPU.Build.0 = Release|Any CPU
		{F64EE39E-8CDC-422E-BBB3-33B90AAF7958}.Debug|Any CPU.ActiveCfg = Debug|Any CPU
		{F64EE39E-8CDC-422E-BBB3-33B90AAF7958}.Debug|Any CPU.Build.0 = Debug|Any CPU
		{F64EE39E-8CDC-422E-BBB3-33B90AAF7958}.Release|Any CPU.ActiveCfg = Release|Any CPU
		{F64EE39E-8CDC-422E-BBB3-33B90AAF7958}.Release|Any CPU.Build.0 = Release|Any CPU
	EndGlobalSection
	GlobalSection(SolutionProperties) = preSolution
		HideSolutionNode = FALSE
	EndGlobalSection
	GlobalSection(ExtensibilityGlobals) = postSolution
		SolutionGuid = {F381BF8B-5EF5-456B-BA9E-0810AD805EFF}
	EndGlobalSection
EndGlobal
